
Microsoft Visual Studio Solution File, Format Version 12.00
# Visual Studio 15
VisualStudioVersion = 15.0.27130.2027
MinimumVisualStudioVersion = 10.0.40219.1
Project("{FAE04EC0-301F-11D3-BF4B-00C04F79EFBC}") = "NumberGameFour", "NumberGameFour\NumberGameFour.csproj", "{9ACF4828-4D35-4600-8EAC-1DF12803AA6E}"
EndProject
Project("{FAE04EC0-301F-11D3-BF4B-00C04F79EFBC}") = "NumberGameLibrary", "NumberGameLibrary\NumberGameLibrary.csproj", "{AC1BDFC6-479C-43C7-9258-C9B279D6A687}"
EndProject
Global
	GlobalSection(SolutionConfigurationPlatforms) = preSolution
		Debug|Any CPU = Debug|Any CPU
		Debug|ARM = Debug|ARM
		Debug|x64 = Debug|x64
		Debug|x86 = Debug|x86
		Release|Any CPU = Release|Any CPU
		Release|ARM = Release|ARM
		Release|x64 = Release|x64
		Release|x86 = Release|x86
	EndGlobalSection
	GlobalSection(ProjectConfigurationPlatforms) = postSolution
		{9ACF4828-4D35-4600-8EAC-1DF12803AA6E}.Debug|Any CPU.ActiveCfg = Debug|x86
		{9ACF4828-4D35-4600-8EAC-1DF12803AA6E}.Debug|ARM.ActiveCfg = Debug|ARM
		{9ACF4828-4D35-4600-8EAC-1DF12803AA6E}.Debug|ARM.Build.0 = Debug|ARM
		{9ACF4828-4D35-4600-8EAC-1DF12803AA6E}.Debug|ARM.Deploy.0 = Debug|ARM
		{9ACF4828-4D35-4600-8EAC-1DF12803AA6E}.Debug|x64.ActiveCfg = Debug|x64
		{9ACF4828-4D35-4600-8EAC-1DF12803AA6E}.Debug|x64.Build.0 = Debug|x64
		{9ACF4828-4D35-4600-8EAC-1DF12803AA6E}.Debug|x64.Deploy.0 = Debug|x64
		{9ACF4828-4D35-4600-8EAC-1DF12803AA6E}.Debug|x86.ActiveCfg = Debug|x86
		{9ACF4828-4D35-4600-8EAC-1DF12803AA6E}.Debug|x86.Build.0 = Debug|x86
		{9ACF4828-4D35-4600-8EAC-1DF12803AA6E}.Debug|x86.Deploy.0 = Debug|x86
		{9ACF4828-4D35-4600-8EAC-1DF12803AA6E}.Release|Any CPU.ActiveCfg = Release|x86
		{9ACF4828-4D35-4600-8EAC-1DF12803AA6E}.Release|ARM.ActiveCfg = Release|ARM
		{9ACF4828-4D35-4600-8EAC-1DF12803AA6E}.Release|ARM.Build.0 = Release|ARM
		{9ACF4828-4D35-4600-8EAC-1DF12803AA6E}.Release|ARM.Deploy.0 = Release|ARM
		{9ACF4828-4D35-4600-8EAC-1DF12803AA6E}.Release|x64.ActiveCfg = Release|x64
		{9ACF4828-4D35-4600-8EAC-1DF12803AA6E}.Release|x64.Build.0 = Release|x64
		{9ACF4828-4D35-4600-8EAC-1DF12803AA6E}.Release|x64.Deploy.0 = Release|x64
		{9ACF4828-4D35-4600-8EAC-1DF12803AA6E}.Release|x86.ActiveCfg = Release|x86
		{9ACF4828-4D35-4600-8EAC-1DF12803AA6E}.Release|x86.Build.0 = Release|x86
		{9ACF4828-4D35-4600-8EAC-1DF12803AA6E}.Release|x86.Deploy.0 = Release|x86
		{AC1BDFC6-479C-43C7-9258-C9B279D6A687}.Debug|Any CPU.ActiveCfg = Debug|Any CPU
		{AC1BDFC6-479C-43C7-9258-C9B279D6A687}.Debug|Any CPU.Build.0 = Debug|Any CPU
		{AC1BDFC6-479C-43C7-9258-C9B279D6A687}.Debug|ARM.ActiveCfg = Debug|ARM
		{AC1BDFC6-479C-43C7-9258-C9B279D6A687}.Debug|ARM.Build.0 = Debug|ARM
		{AC1BDFC6-479C-43C7-9258-C9B279D6A687}.Debug|x64.ActiveCfg = Debug|x64
		{AC1BDFC6-479C-43C7-9258-C9B279D6A687}.Debug|x64.Build.0 = Debug|x64
		{AC1BDFC6-479C-43C7-9258-C9B279D6A687}.Debug|x86.ActiveCfg = Debug|x86
		{AC1BDFC6-479C-43C7-9258-C9B279D6A687}.Debug|x86.Build.0 = Debug|x86
		{AC1BDFC6-479C-43C7-9258-C9B279D6A687}.Release|Any CPU.ActiveCfg = Release|Any CPU
		{AC1BDFC6-479C-43C7-9258-C9B279D6A687}.Release|Any CPU.Build.0 = Release|Any CPU
		{AC1BDFC6-479C-43C7-9258-C9B279D6A687}.Release|ARM.ActiveCfg = Release|ARM
		{AC1BDFC6-479C-43C7-9258-C9B279D6A687}.Release|ARM.Build.0 = Release|ARM
		{AC1BDFC6-479C-43C7-9258-C9B279D6A687}.Release|x64.ActiveCfg = Release|x64
		{AC1BDFC6-479C-43C7-9258-C9B279D6A687}.Release|x64.Build.0 = Release|x64
		{AC1BDFC6-479C-43C7-9258-C9B279D6A687}.Release|x86.ActiveCfg = Release|x86
		{AC1BDFC6-479C-43C7-9258-C9B279D6A687}.Release|x86.Build.0 = Release|x86
	EndGlobalSection
	GlobalSection(SolutionProperties) = preSolution
		HideSolutionNode = FALSE
	EndGlobalSection
	GlobalSection(ExtensibilityGlobals) = postSolution
		SolutionGuid = {AEB3DB14-984B-4CA5-AE2A-E0880A8CD75E}
	EndGlobalSection
EndGlobal
